
Microsoft Visual Studio Solution File, Format Version 12.00
# Visual Studio 15
VisualStudioVersion = 15.0.27703.2018
MinimumVisualStudioVersion = 10.0.40219.1
Project("{FAE04EC0-301F-11D3-BF4B-00C04F79EFBC}") = "UnitTestDemo", "UnitTestDemo\UnitTestDemo.csproj", "{CC90CA54-2625-403A-B8D4-81DD9A835A94}"
EndProject
Project("{FAE04EC0-301F-11D3-BF4B-00C04F79EFBC}") = "UnitTestDemo.UnitTests", "UnitTestDemo.UnitTests\UnitTestDemo.UnitTests.csproj", "{F991BD2A-B344-4505-830A-2699DB9CCE36}"
EndProject
Global
	GlobalSection(SolutionConfigurationPlatforms) = preSolution
		Debug|Any CPU = Debug|Any CPU
		Release|Any CPU = Release|Any CPU
	EndGlobalSection
	GlobalSection(ProjectConfigurationPlatforms) = postSolution
		{CC90CA54-2625-403A-B8D4-81DD9A835A94}.Debug|Any CPU.ActiveCfg = Debug|Any CPU
		{CC90CA54-2625-403A-B8D4-81DD9A835A94}.Debug|Any CPU.Build.0 = Debug|Any CPU
		{CC90CA54-2625-403A-B8D4-81DD9A835A94}.Release|Any CPU.ActiveCfg = Release|Any CPU
		{CC90CA54-2625-403A-B8D4-81DD9A835A94}.Release|Any CPU.Build.0 = Release|Any CPU
		{F991BD2A-B344-4505-830A-2699DB9CCE36}.Debug|Any CPU.ActiveCfg = Debug|Any CPU
		{F991BD2A-B344-4505-830A-2699DB9CCE36}.Debug|Any CPU.Build.0 = Debug|Any CPU
		{F991BD2A-B344-4505-830A-2699DB9CCE36}.Release|Any CPU.ActiveCfg = Release|Any CPU
		{F991BD2A-B344-4505-830A-2699DB9CCE36}.Release|Any CPU.Build.0 = Release|Any CPU
	EndGlobalSection
	GlobalSection(SolutionProperties) = preSolution
		HideSolutionNode = FALSE
	EndGlobalSection
	GlobalSection(ExtensibilityGlobals) = postSolution
		SolutionGuid = {48B90D66-9873-4AB1-A94E-2AD2ED257CC2}
	EndGlobalSection
EndGlobal
